// !$*UTF8*$!
{
	archiveVersion = 1;
	classes = {
	};
	objectVersion = 56;
	objects = {

/* Begin PBXBuildFile section */
		0709677F2B68053C00E009C0 /* AppDelegate.swift in Sources */ = {isa = PBXBuildFile; fileRef = 0709677E2B68053C00E009C0 /* AppDelegate.swift */; };
		070967812B68053C00E009C0 /* SceneDelegate.swift in Sources */ = {isa = PBXBuildFile; fileRef = 070967802B68053C00E009C0 /* SceneDelegate.swift */; };
		070967832B68053C00E009C0 /* TaskViewController.swift in Sources */ = {isa = PBXBuildFile; fileRef = 070967822B68053C00E009C0 /* TaskViewController.swift */; };
		070967862B68053C00E009C0 /* Main.storyboard in Resources */ = {isa = PBXBuildFile; fileRef = 070967842B68053C00E009C0 /* Main.storyboard */; };
		070967882B68053F00E009C0 /* Assets.xcassets in Resources */ = {isa = PBXBuildFile; fileRef = 070967872B68053F00E009C0 /* Assets.xcassets */; };
		0709678B2B68053F00E009C0 /* LaunchScreen.storyboard in Resources */ = {isa = PBXBuildFile; fileRef = 070967892B68053F00E009C0 /* LaunchScreen.storyboard */; };
		070967962B68087E00E009C0 /* Task.swift in Sources */ = {isa = PBXBuildFile; fileRef = 070967952B68087E00E009C0 /* Task.swift */; };
		070967982B6808DD00E009C0 /* TaskDataBase.swift in Sources */ = {isa = PBXBuildFile; fileRef = 070967972B6808DD00E009C0 /* TaskDataBase.swift */; };
		0709679A2B680B4300E009C0 /* TaskPresenter.swift in Sources */ = {isa = PBXBuildFile; fileRef = 070967992B680B4300E009C0 /* TaskPresenter.swift */; };
		0709679C2B684F1900E009C0 /* TasksCollectionViewCell.swift in Sources */ = {isa = PBXBuildFile; fileRef = 0709679B2B684F1900E009C0 /* TasksCollectionViewCell.swift */; };
		204DA7F32C6AB45300868987 /* CalculatorViewController.swift in Sources */ = {isa = PBXBuildFile; fileRef = 204DA7F12C6AB45300868987 /* CalculatorViewController.swift */; };
		204DA7F42C6AB45300868987 /* CalculatorViewController.xib in Resources */ = {isa = PBXBuildFile; fileRef = 204DA7F22C6AB45300868987 /* CalculatorViewController.xib */; };
		205AC9322C6C1A8400A1C82E /* StackViewController.swift in Sources */ = {isa = PBXBuildFile; fileRef = 205AC9302C6C1A8400A1C82E /* StackViewController.swift */; };
		205AC9332C6C1A8400A1C82E /* StackViewController.xib in Resources */ = {isa = PBXBuildFile; fileRef = 205AC9312C6C1A8400A1C82E /* StackViewController.xib */; };
		20BA4EAE2C76598100B7574D /* ExampleTableViewCell.xib in Resources */ = {isa = PBXBuildFile; fileRef = 20BA4EAD2C76598100B7574D /* ExampleTableViewCell.xib */; };
		20BA4EAF2C76598100B7574D /* ExampleTableViewCell.swift in Sources */ = {isa = PBXBuildFile; fileRef = 20BA4EAC2C76598100B7574D /* ExampleTableViewCell.swift */; };
		20BC8BAB2C7517B200D4E65C /* TableViewExample.swift in Sources */ = {isa = PBXBuildFile; fileRef = 20BC8BA92C7517B200D4E65C /* TableViewExample.swift */; };
		20BC8BAC2C7517B200D4E65C /* TableViewExample.xib in Resources */ = {isa = PBXBuildFile; fileRef = 20BC8BAA2C7517B200D4E65C /* TableViewExample.xib */; };
/* End PBXBuildFile section */

/* Begin PBXFileReference section */
		0709677B2B68053C00E009C0 /* ListOfTask.app */ = {isa = PBXFileReference; explicitFileType = wrapper.application; includeInIndex = 0; path = ListOfTask.app; sourceTree = BUILT_PRODUCTS_DIR; };
		0709677E2B68053C00E009C0 /* AppDelegate.swift */ = {isa = PBXFileReference; lastKnownFileType = sourcecode.swift; path = AppDelegate.swift; sourceTree = "<group>"; };
		070967802B68053C00E009C0 /* SceneDelegate.swift */ = {isa = PBXFileReference; lastKnownFileType = sourcecode.swift; path = SceneDelegate.swift; sourceTree = "<group>"; };
		070967822B68053C00E009C0 /* TaskViewController.swift */ = {isa = PBXFileReference; lastKnownFileType = sourcecode.swift; path = TaskViewController.swift; sourceTree = "<group>"; };
		070967852B68053C00E009C0 /* Base */ = {isa = PBXFileReference; lastKnownFileType = file.storyboard; name = Base; path = Base.lproj/Main.storyboard; sourceTree = "<group>"; };
		070967872B68053F00E009C0 /* Assets.xcassets */ = {isa = PBXFileReference; lastKnownFileType = folder.assetcatalog; path = Assets.xcassets; sourceTree = "<group>"; };
		0709678A2B68053F00E009C0 /* Base */ = {isa = PBXFileReference; lastKnownFileType = file.storyboard; name = Base; path = Base.lproj/LaunchScreen.storyboard; sourceTree = "<group>"; };
		0709678C2B68053F00E009C0 /* Info.plist */ = {isa = PBXFileReference; lastKnownFileType = text.plist.xml; path = Info.plist; sourceTree = "<group>"; };
		070967952B68087E00E009C0 /* Task.swift */ = {isa = PBXFileReference; lastKnownFileType = sourcecode.swift; path = Task.swift; sourceTree = "<group>"; };
		070967972B6808DD00E009C0 /* TaskDataBase.swift */ = {isa = PBXFileReference; lastKnownFileType = sourcecode.swift; path = TaskDataBase.swift; sourceTree = "<group>"; };
		070967992B680B4300E009C0 /* TaskPresenter.swift */ = {isa = PBXFileReference; lastKnownFileType = sourcecode.swift; path = TaskPresenter.swift; sourceTree = "<group>"; };
		0709679B2B684F1900E009C0 /* TasksCollectionViewCell.swift */ = {isa = PBXFileReference; lastKnownFileType = sourcecode.swift; path = TasksCollectionViewCell.swift; sourceTree = "<group>"; };
		204DA7F12C6AB45300868987 /* CalculatorViewController.swift */ = {isa = PBXFileReference; lastKnownFileType = sourcecode.swift; path = CalculatorViewController.swift; sourceTree = "<group>"; };
		204DA7F22C6AB45300868987 /* CalculatorViewController.xib */ = {isa = PBXFileReference; lastKnownFileType = file.xib; path = CalculatorViewController.xib; sourceTree = "<group>"; };
		205AC9302C6C1A8400A1C82E /* StackViewController.swift */ = {isa = PBXFileReference; lastKnownFileType = sourcecode.swift; path = StackViewController.swift; sourceTree = "<group>"; };
		205AC9312C6C1A8400A1C82E /* StackViewController.xib */ = {isa = PBXFileReference; lastKnownFileType = file.xib; path = StackViewController.xib; sourceTree = "<group>"; };
		20BA4EAC2C76598100B7574D /* ExampleTableViewCell.swift */ = {isa = PBXFileReference; lastKnownFileType = sourcecode.swift; path = ExampleTableViewCell.swift; sourceTree = "<group>"; };
		20BA4EAD2C76598100B7574D /* ExampleTableViewCell.xib */ = {isa = PBXFileReference; lastKnownFileType = file.xib; path = ExampleTableViewCell.xib; sourceTree = "<group>"; };
		20BC8BA92C7517B200D4E65C /* TableViewExample.swift */ = {isa = PBXFileReference; lastKnownFileType = sourcecode.swift; path = TableViewExample.swift; sourceTree = "<group>"; };
		20BC8BAA2C7517B200D4E65C /* TableViewExample.xib */ = {isa = PBXFileReference; lastKnownFileType = file.xib; path = TableViewExample.xib; sourceTree = "<group>"; };
/* End PBXFileReference section */

/* Begin PBXFrameworksBuildPhase section */
		070967782B68053C00E009C0 /* Frameworks */ = {
			isa = PBXFrameworksBuildPhase;
			buildActionMask = 2147483647;
			files = (
			);
			runOnlyForDeploymentPostprocessing = 0;
		};
/* End PBXFrameworksBuildPhase section */

/* Begin PBXGroup section */
		070967722B68053C00E009C0 = {
			isa = PBXGroup;
			children = (
				0709677D2B68053C00E009C0 /* ListOfTask */,
				0709677C2B68053C00E009C0 /* Products */,
			);
			sourceTree = "<group>";
		};
		0709677C2B68053C00E009C0 /* Products */ = {
			isa = PBXGroup;
			children = (
				0709677B2B68053C00E009C0 /* ListOfTask.app */,
			);
			name = Products;
			sourceTree = "<group>";
		};
		0709677D2B68053C00E009C0 /* ListOfTask */ = {
			isa = PBXGroup;
			children = (
				070967932B68069C00E009C0 /* Model */,
				070967922B68069400E009C0 /* View */,
				070967942B6806A300E009C0 /* Presenter */,
				0709677E2B68053C00E009C0 /* AppDelegate.swift */,
				070967802B68053C00E009C0 /* SceneDelegate.swift */,
				070967842B68053C00E009C0 /* Main.storyboard */,
				070967872B68053F00E009C0 /* Assets.xcassets */,
				070967892B68053F00E009C0 /* LaunchScreen.storyboard */,
				0709678C2B68053F00E009C0 /* Info.plist */,
			);
			path = ListOfTask;
			sourceTree = "<group>";
		};
		070967922B68069400E009C0 /* View */ = {
			isa = PBXGroup;
			children = (
				070967822B68053C00E009C0 /* TaskViewController.swift */,
				0709679B2B684F1900E009C0 /* TasksCollectionViewCell.swift */,
				204DA7F12C6AB45300868987 /* CalculatorViewController.swift */,
				204DA7F22C6AB45300868987 /* CalculatorViewController.xib */,
				205AC9302C6C1A8400A1C82E /* StackViewController.swift */,
				205AC9312C6C1A8400A1C82E /* StackViewController.xib */,
				20BC8BA92C7517B200D4E65C /* TableViewExample.swift */,
				20BC8BAA2C7517B200D4E65C /* TableViewExample.xib */,
				20BA4EAC2C76598100B7574D /* ExampleTableViewCell.swift */,
				20BA4EAD2C76598100B7574D /* ExampleTableViewCell.xib */,
			);
			path = View;
			sourceTree = "<group>";
		};
		070967932B68069C00E009C0 /* Model */ = {
			isa = PBXGroup;
			children = (
				070967952B68087E00E009C0 /* Task.swift */,
				070967972B6808DD00E009C0 /* TaskDataBase.swift */,
			);
			path = Model;
			sourceTree = "<group>";
		};
		070967942B6806A300E009C0 /* Presenter */ = {
			isa = PBXGroup;
			children = (
				070967992B680B4300E009C0 /* TaskPresenter.swift */,
			);
			path = Presenter;
			sourceTree = "<group>";
		};
/* End PBXGroup section */

/* Begin PBXNativeTarget section */
		0709677A2B68053C00E009C0 /* ListOfTask */ = {
			isa = PBXNativeTarget;
			buildConfigurationList = 0709678F2B68053F00E009C0 /* Build configuration list for PBXNativeTarget "ListOfTask" */;
			buildPhases = (
				070967772B68053C00E009C0 /* Sources */,
				070967782B68053C00E009C0 /* Frameworks */,
				070967792B68053C00E009C0 /* Resources */,
			);
			buildRules = (
			);
			dependencies = (
			);
			name = ListOfTask;
			productName = ListOfTask;
			productReference = 0709677B2B68053C00E009C0 /* ListOfTask.app */;
			productType = "com.apple.product-type.application";
		};
/* End PBXNativeTarget section */

/* Begin PBXProject section */
		070967732B68053C00E009C0 /* Project object */ = {
			isa = PBXProject;
			attributes = {
				BuildIndependentTargetsInParallel = 1;
				LastSwiftUpdateCheck = 1520;
				LastUpgradeCheck = 1520;
				TargetAttributes = {
					0709677A2B68053C00E009C0 = {
						CreatedOnToolsVersion = 15.2;
					};
				};
			};
			buildConfigurationList = 070967762B68053C00E009C0 /* Build configuration list for PBXProject "ListOfTask" */;
			compatibilityVersion = "Xcode 14.0";
			developmentRegion = en;
			hasScannedForEncodings = 0;
			knownRegions = (
				en,
				Base,
			);
			mainGroup = 070967722B68053C00E009C0;
			productRefGroup = 0709677C2B68053C00E009C0 /* Products */;
			projectDirPath = "";
			projectRoot = "";
			targets = (
				0709677A2B68053C00E009C0 /* ListOfTask */,
			);
		};
/* End PBXProject section */

/* Begin PBXResourcesBuildPhase section */
		070967792B68053C00E009C0 /* Resources */ = {
			isa = PBXResourcesBuildPhase;
			buildActionMask = 2147483647;
			files = (
				205AC9332C6C1A8400A1C82E /* StackViewController.xib in Resources */,
				0709678B2B68053F00E009C0 /* LaunchScreen.storyboard in Resources */,
				070967882B68053F00E009C0 /* Assets.xcassets in Resources */,
				204DA7F42C6AB45300868987 /* CalculatorViewController.xib in Resources */,
				20BC8BAC2C7517B200D4E65C /* TableViewExample.xib in Resources */,
				20BA4EAE2C76598100B7574D /* ExampleTableViewCell.xib in Resources */,
				070967862B68053C00E009C0 /* Main.storyboard in Resources */,
			);
			runOnlyForDeploymentPostprocessing = 0;
		};
/* End PBXResourcesBuildPhase section */

/* Begin PBXSourcesBuildPhase section */
		070967772B68053C00E009C0 /* Sources */ = {
			isa = PBXSourcesBuildPhase;
			buildActionMask = 2147483647;
			files = (
				070967982B6808DD00E009C0 /* TaskDataBase.swift in Sources */,
				070967962B68087E00E009C0 /* Task.swift in Sources */,
				204DA7F32C6AB45300868987 /* CalculatorViewController.swift in Sources */,
				070967832B68053C00E009C0 /* TaskViewController.swift in Sources */,
				20BC8BAB2C7517B200D4E65C /* TableViewExample.swift in Sources */,
				0709679A2B680B4300E009C0 /* TaskPresenter.swift in Sources */,
				0709679C2B684F1900E009C0 /* TasksCollectionViewCell.swift in Sources */,
				205AC9322C6C1A8400A1C82E /* StackViewController.swift in Sources */,
				20BA4EAF2C76598100B7574D /* ExampleTableViewCell.swift in Sources */,
				0709677F2B68053C00E009C0 /* AppDelegate.swift in Sources */,
				070967812B68053C00E009C0 /* SceneDelegate.swift in Sources */,
			);
			runOnlyForDeploymentPostprocessing = 0;
		};
/* End PBXSourcesBuildPhase section */

/* Begin PBXVariantGroup section */
		070967842B68053C00E009C0 /* Main.storyboard */ = {
			isa = PBXVariantGroup;
			children = (
				070967852B68053C00E009C0 /* Base */,
			);
			name = Main.storyboard;
			sourceTree = "<group>";
		};
		070967892B68053F00E009C0 /* LaunchScreen.storyboard */ = {
			isa = PBXVariantGroup;
			children = (
				0709678A2B68053F00E009C0 /* Base */,
			);
			name = LaunchScreen.storyboard;
			sourceTree = "<group>";
		};
/* End PBXVariantGroup section */

/* Begin XCBuildConfiguration section */
		0709678D2B68053F00E009C0 /* Debug */ = {
			isa = XCBuildConfiguration;
			buildSettings = {
				ALWAYS_SEARCH_USER_PATHS = NO;
				ASSETCATALOG_COMPILER_GENERATE_SWIFT_ASSET_SYMBOL_EXTENSIONS = YES;
				CLANG_ANALYZER_NONNULL = YES;
				CLANG_ANALYZER_NUMBER_OBJECT_CONVERSION = YES_AGGRESSIVE;
				CLANG_CXX_LANGUAGE_STANDARD = "gnu++20";
				CLANG_ENABLE_MODULES = YES;
				CLANG_ENABLE_OBJC_ARC = YES;
				CLANG_ENABLE_OBJC_WEAK = YES;
				CLANG_WARN_BLOCK_CAPTURE_AUTORELEASING = YES;
				CLANG_WARN_BOOL_CONVERSION = YES;
				CLANG_WARN_COMMA = YES;
				CLANG_WARN_CONSTANT_CONVERSION = YES;
				CLANG_WARN_DEPRECATED_OBJC_IMPLEMENTATIONS = YES;
				CLANG_WARN_DIRECT_OBJC_ISA_USAGE = YES_ERROR;
				CLANG_WARN_DOCUMENTATION_COMMENTS = YES;
				CLANG_WARN_EMPTY_BODY = YES;
				CLANG_WARN_ENUM_CONVERSION = YES;
				CLANG_WARN_INFINITE_RECURSION = YES;
				CLANG_WARN_INT_CONVERSION = YES;
				CLANG_WARN_NON_LITERAL_NULL_CONVERSION = YES;
				CLANG_WARN_OBJC_IMPLICIT_RETAIN_SELF = YES;
				CLANG_WARN_OBJC_LITERAL_CONVERSION = YES;
				CLANG_WARN_OBJC_ROOT_CLASS = YES_ERROR;
				CLANG_WARN_QUOTED_INCLUDE_IN_FRAMEWORK_HEADER = YES;
				CLANG_WARN_RANGE_LOOP_ANALYSIS = YES;
				CLANG_WARN_STRICT_PROTOTYPES = YES;
				CLANG_WARN_SUSPICIOUS_MOVE = YES;
				CLANG_WARN_UNGUARDED_AVAILABILITY = YES_AGGRESSIVE;
				CLANG_WARN_UNREACHABLE_CODE = YES;
				CLANG_WARN__DUPLICATE_METHOD_MATCH = YES;
				COPY_PHASE_STRIP = NO;
				DEBUG_INFORMATION_FORMAT = dwarf;
				ENABLE_STRICT_OBJC_MSGSEND = YES;
				ENABLE_TESTABILITY = YES;
				ENABLE_USER_SCRIPT_SANDBOXING = YES;
				GCC_C_LANGUAGE_STANDARD = gnu17;
				GCC_DYNAMIC_NO_PIC = NO;
				GCC_NO_COMMON_BLOCKS = YES;
				GCC_OPTIMIZATION_LEVEL = 0;
				GCC_PREPROCESSOR_DEFINITIONS = (
					"DEBUG=1",
					"$(inherited)",
				);
				GCC_WARN_64_TO_32_BIT_CONVERSION = YES;
				GCC_WARN_ABOUT_RETURN_TYPE = YES_ERROR;
				GCC_WARN_UNDECLARED_SELECTOR = YES;
				GCC_WARN_UNINITIALIZED_AUTOS = YES_AGGRESSIVE;
				GCC_WARN_UNUSED_FUNCTION = YES;
				GCC_WARN_UNUSED_VARIABLE = YES;
				IPHONEOS_DEPLOYMENT_TARGET = 17.2;
				LOCALIZATION_PREFERS_STRING_CATALOGS = YES;
				MTL_ENABLE_DEBUG_INFO = INCLUDE_SOURCE;
				MTL_FAST_MATH = YES;
				ONLY_ACTIVE_ARCH = YES;
				SDKROOT = iphoneos;
				SWIFT_ACTIVE_COMPILATION_CONDITIONS = "DEBUG $(inherited)";
				SWIFT_OPTIMIZATION_LEVEL = "-Onone";
			};
			name = Debug;
		};
		0709678E2B68053F00E009C0 /* Release */ = {
			isa = XCBuildConfiguration;
			buildSettings = {
				ALWAYS_SEARCH_USER_PATHS = NO;
				ASSETCATALOG_COMPILER_GENERATE_SWIFT_ASSET_SYMBOL_EXTENSIONS = YES;
				CLANG_ANALYZER_NONNULL = YES;
				CLANG_ANALYZER_NUMBER_OBJECT_CONVERSION = YES_AGGRESSIVE;
				CLANG_CXX_LANGUAGE_STANDARD = "gnu++20";
				CLANG_ENABLE_MODULES = YES;
				CLANG_ENABLE_OBJC_ARC = YES;
				CLANG_ENABLE_OBJC_WEAK = YES;
				CLANG_WARN_BLOCK_CAPTURE_AUTORELEASING = YES;
				CLANG_WARN_BOOL_CONVERSION = YES;
				CLANG_WARN_COMMA = YES;
				CLANG_WARN_CONSTANT_CONVERSION = YES;
				CLANG_WARN_DEPRECATED_OBJC_IMPLEMENTATIONS = YES;
				CLANG_WARN_DIRECT_OBJC_ISA_USAGE = YES_ERROR;
				CLANG_WARN_DOCUMENTATION_COMMENTS = YES;
				CLANG_WARN_EMPTY_BODY = YES;
				CLANG_WARN_ENUM_CONVERSION = YES;
				CLANG_WARN_INFINITE_RECURSION = YES;
				CLANG_WARN_INT_CONVERSION = YES;
				CLANG_WARN_NON_LITERAL_NULL_CONVERSION = YES;
				CLANG_WARN_OBJC_IMPLICIT_RETAIN_SELF = YES;
				CLANG_WARN_OBJC_LITERAL_CONVERSION = YES;
				CLANG_WARN_OBJC_ROOT_CLASS = YES_ERROR;
				CLANG_WARN_QUOTED_INCLUDE_IN_FRAMEWORK_HEADER = YES;
				CLANG_WARN_RANGE_LOOP_ANALYSIS = YES;
				CLANG_WARN_STRICT_PROTOTYPES = YES;
				CLANG_WARN_SUSPICIOUS_MOVE = YES;
				CLANG_WARN_UNGUARDED_AVAILABILITY = YES_AGGRESSIVE;
				CLANG_WARN_UNREACHABLE_CODE = YES;
				CLANG_WARN__DUPLICATE_METHOD_MATCH = YES;
				COPY_PHASE_STRIP = NO;
				DEBUG_INFORMATION_FORMAT = "dwarf-with-dsym";
				ENABLE_NS_ASSERTIONS = NO;
				ENABLE_STRICT_OBJC_MSGSEND = YES;
				ENABLE_USER_SCRIPT_SANDBOXING = YES;
				GCC_C_LANGUAGE_STANDARD = gnu17;
				GCC_NO_COMMON_BLOCKS = YES;
				GCC_WARN_64_TO_32_BIT_CONVERSION = YES;
				GCC_WARN_ABOUT_RETURN_TYPE = YES_ERROR;
				GCC_WARN_UNDECLARED_SELECTOR = YES;
				GCC_WARN_UNINITIALIZED_AUTOS = YES_AGGRESSIVE;
				GCC_WARN_UNUSED_FUNCTION = YES;
				GCC_WARN_UNUSED_VARIABLE = YES;
				IPHONEOS_DEPLOYMENT_TARGET = 17.2;
				LOCALIZATION_PREFERS_STRING_CATALOGS = YES;
				MTL_ENABLE_DEBUG_INFO = NO;
				MTL_FAST_MATH = YES;
				SDKROOT = iphoneos;
				SWIFT_COMPILATION_MODE = wholemodule;
				VALIDATE_PRODUCT = YES;
			};
			name = Release;
		};
		070967902B68053F00E009C0 /* Debug */ = {
			isa = XCBuildConfiguration;
			buildSettings = {
				ASSETCATALOG_COMPILER_APPICON_NAME = AppIcon;
				ASSETCATALOG_COMPILER_GLOBAL_ACCENT_COLOR_NAME = AccentColor;
				CODE_SIGN_STYLE = Automatic;
				CURRENT_PROJECT_VERSION = 1;
				DEVELOPMENT_TEAM = AFSL2K239Y;
				GENERATE_INFOPLIST_FILE = YES;
				INFOPLIST_FILE = ListOfTask/Info.plist;
				INFOPLIST_KEY_UIApplicationSupportsIndirectInputEvents = YES;
				INFOPLIST_KEY_UILaunchStoryboardName = LaunchScreen;
				INFOPLIST_KEY_UIMainStoryboardFile = Main;
				INFOPLIST_KEY_UISupportedInterfaceOrientations_iPad = "UIInterfaceOrientationPortrait UIInterfaceOrientationPortraitUpsideDown UIInterfaceOrientationLandscapeLeft UIInterfaceOrientationLandscapeRight";
				INFOPLIST_KEY_UISupportedInterfaceOrientations_iPhone = "UIInterfaceOrientationPortrait UIInterfaceOrientationLandscapeLeft UIInterfaceOrientationLandscapeRight";
				LD_RUNPATH_SEARCH_PATHS = (
					"$(inherited)",
					"@executable_path/Frameworks",
				);
				MARKETING_VERSION = 1.0;
				PRODUCT_BUNDLE_IDENTIFIER = com.listOfTask.ListOfTask;
				PRODUCT_NAME = "$(TARGET_NAME)";
				SWIFT_EMIT_LOC_STRINGS = YES;
				SWIFT_VERSION = 5.0;
				TARGETED_DEVICE_FAMILY = "1,2";
			};
			name = Debug;
		};
		070967912B68053F00E009C0 /* Release */ = {
			isa = XCBuildConfiguration;
			buildSettings = {
				ASSETCATALOG_COMPILER_APPICON_NAME = AppIcon;
				ASSETCATALOG_COMPILER_GLOBAL_ACCENT_COLOR_NAME = AccentColor;
				CODE_SIGN_STYLE = Automatic;
				CURRENT_PROJECT_VERSION = 1;
				DEVELOPMENT_TEAM = AFSL2K239Y;
				GENERATE_INFOPLIST_FILE = YES;
				INFOPLIST_FILE = ListOfTask/Info.plist;
				INFOPLIST_KEY_UIApplicationSupportsIndirectInputEvents = YES;
				INFOPLIST_KEY_UILaunchStoryboardName = LaunchScreen;
				INFOPLIST_KEY_UIMainStoryboardFile = Main;
				INFOPLIST_KEY_UISupportedInterfaceOrientations_iPad = "UIInterfaceOrientationPortrait UIInterfaceOrientationPortraitUpsideDown UIInterfaceOrientationLandscapeLeft UIInterfaceOrientationLandscapeRight";
				INFOPLIST_KEY_UISupportedInterfaceOrientations_iPhone = "UIInterfaceOrientationPortrait UIInterfaceOrientationLandscapeLeft UIInterfaceOrientationLandscapeRight";
				LD_RUNPATH_SEARCH_PATHS = (
					"$(inherited)",
					"@executable_path/Frameworks",
				);
				MARKETING_VERSION = 1.0;
				PRODUCT_BUNDLE_IDENTIFIER = com.listOfTask.ListOfTask;
				PRODUCT_NAME = "$(TARGET_NAME)";
				SWIFT_EMIT_LOC_STRINGS = YES;
				SWIFT_VERSION = 5.0;
				TARGETED_DEVICE_FAMILY = "1,2";
			};
			name = Release;
		};
/* End XCBuildConfiguration section */

/* Begin XCConfigurationList section */
		070967762B68053C00E009C0 /* Build configuration list for PBXProject "ListOfTask" */ = {
			isa = XCConfigurationList;
			buildConfigurations = (
				0709678D2B68053F00E009C0 /* Debug */,
				0709678E2B68053F00E009C0 /* Release */,
			);
			defaultConfigurationIsVisible = 0;
			defaultConfigurationName = Release;
		};
		0709678F2B68053F00E009C0 /* Build configuration list for PBXNativeTarget "ListOfTask" */ = {
			isa = XCConfigurationList;
			buildConfigurations = (
				070967902B68053F00E009C0 /* Debug */,
				070967912B68053F00E009C0 /* Release */,
			);
			defaultConfigurationIsVisible = 0;
			defaultConfigurationName = Release;
		};
/* End XCConfigurationList section */
	};
	rootObject = 070967732B68053C00E009C0 /* Project object */;
}
